<?xml version="1.0" encoding="utf-8"?>
<Project xmlns="http://schemas.microsoft.com/developer/msbuild/2003">
  <ItemGroup>
    <Filter Include="Form Files">
      <UniqueIdentifier>{99349809-55BA-4b9d-BF79-8FDBB0286EB3}</UniqueIdentifier>
      <Extensions>ui</Extensions>
      <ParseFiles>false</ParseFiles>
    </Filter>
    <Filter Include="Form Files">
      <UniqueIdentifier>{99349809-55BA-4b9d-BF79-8FDBB0286EB3}</UniqueIdentifier>
      <Extensions>ui</Extensions>
      <ParseFiles>false</ParseFiles>
    </Filter>
    <Filter Include="Generated Files">
      <UniqueIdentifier>{71ED8ED8-ACB9-4CE9-BBE1-E00B30144E11}</UniqueIdentifier>
      <Extensions>cpp;c;cxx;moc;h;def;odl;idl;res;</Extensions>
    </Filter>
    <Filter Include="Generated Files">
      <UniqueIdentifier>{71ED8ED8-ACB9-4CE9-BBE1-E00B30144E11}</UniqueIdentifier>
      <Extensions>cpp;c;cxx;moc;h;def;odl;idl;res;</Extensions>
    </Filter>
    <Filter Include="Header Files">
      <UniqueIdentifier>{93995380-89BD-4b04-88EB-625FBE52EBFB}</UniqueIdentifier>
      <Extensions>h;hpp;hxx;hm;inl;inc;xsd</Extensions>
    </Filter>
    <Filter Include="Header Files">
      <UniqueIdentifier>{93995380-89BD-4b04-88EB-625FBE52EBFB}</UniqueIdentifier>
      <Extensions>h;hpp;hxx;hm;inl;inc;xsd</Extensions>
    </Filter>
    <Filter Include="Source Files">
      <UniqueIdentifier>{4FC737F1-C7A5-4376-A066-2A32D752A2FF}</UniqueIdentifier>
      <Extensions>cpp;c;cxx;def;odl;idl;hpj;bat;asm;asmx</Extensions>
    </Filter>
    <Filter Include="Source Files">
      <UniqueIdentifier>{4FC737F1-C7A5-4376-A066-2A32D752A2FF}</UniqueIdentifier>
      <Extensions>cpp;c;cxx;def;odl;idl;hpj;bat;asm;asmx</Extensions>
    </Filter>
    <Filter Include="Distribution Files">
      <UniqueIdentifier>{B83CAF91-C7BF-462F-B76C-EA11631F866C}</UniqueIdentifier>
      <Extensions>*</Extensions>
      <ParseFiles>false</ParseFiles>
    </Filter>
    <Filter Include="Distribution Files">
      <UniqueIdentifier>{B83CAF91-C7BF-462F-B76C-EA11631F866C}</UniqueIdentifier>
      <Extensions>*</Extensions>
      <ParseFiles>false</ParseFiles>
    </Filter>
  </ItemGroup>
  <ItemGroup>
    <ClCompile Include="CREMeshFileLoader.cpp">
      <Filter>Source Files</Filter>
    </ClCompile>
    <ClCompile Include="CREMeshWriter.cpp">
      <Filter>Source Files</Filter>
    </ClCompile>
    <ClCompile Include="CSkeleton.cpp">
      <Filter>Source Files</Filter>
    </ClCompile>
    <ClCompile Include="CW2ENTMeshFileLoader.cpp">
      <Filter>Source Files</Filter>
    </ClCompile>
    <ClCompile Include="CW3ENTMeshFileLoader.cpp">
      <Filter>Source Files</Filter>
    </ClCompile>
    <ClCompile Include="CWitcherMDLMeshFileLoader.cpp">
      <Filter>Source Files</Filter>
    </ClCompile>
    <ClCompile Include="IrrAssimp\IrrAssimp.cpp">
      <Filter>Source Files</Filter>
    </ClCompile>
    <ClCompile Include="IrrAssimp\IrrAssimpExport.cpp">
      <Filter>Source Files</Filter>
    </ClCompile>
    <ClCompile Include="IrrAssimp\IrrAssimpImport.cpp">
      <Filter>Source Files</Filter>
    </ClCompile>
    <ClCompile Include="IrrAssimp\IrrAssimpUtils.cpp">
      <Filter>Source Files</Filter>
    </ClCompile>
    <ClCompile Include="LoadersUtils.cpp">
      <Filter>Source Files</Filter>
    </ClCompile>
    <ClCompile Include="MaterialsExplorer.cpp">
      <Filter>Source Files</Filter>
    </ClCompile>
    <ClCompile Include="TW_Utils.cpp">
      <Filter>Source Files</Filter>
    </ClCompile>
    <ClCompile Include="W3_DataCache.cpp">
      <Filter>Source Files</Filter>
    </ClCompile>
    <ClCompile Include="cleantexturespath.cpp">
      <Filter>Source Files</Filter>
    </ClCompile>
    <ClCompile Include="extfiles.cpp">
      <Filter>Source Files</Filter>
    </ClCompile>
    <ClCompile Include="log.cpp">
      <Filter>Source Files</Filter>
    </ClCompile>
    <ClCompile Include="main.cpp">
      <Filter>Source Files</Filter>
    </ClCompile>
    <ClCompile Include="mainwindow.cpp">
      <Filter>Source Files</Filter>
    </ClCompile>
    <ClCompile Include="meshcombiner.cpp">
      <Filter>Source Files</Filter>
    </ClCompile>
    <ClCompile Include="options.cpp">
      <Filter>Source Files</Filter>
    </ClCompile>
    <ClCompile Include="qirrlichtwidget.cpp">
      <Filter>Source Files</Filter>
    </ClCompile>
    <ClCompile Include="resize.cpp">
      <Filter>Source Files</Filter>
    </ClCompile>
    <ClCompile Include="search.cpp">
      <Filter>Source Files</Filter>
    </ClCompile>
    <ClCompile Include="settings.cpp">
      <Filter>Source Files</Filter>
    </ClCompile>
    <ClCompile Include="translator.cpp">
      <Filter>Source Files</Filter>
    </ClCompile>
    <ClCompile Include="tw1bifextractor.cpp">
      <Filter>Source Files</Filter>
    </ClCompile>
    <ClCompile Include="tw1bifextractorui.cpp">
      <Filter>Source Files</Filter>
    </ClCompile>
    <ClCompile Include="utils.cpp">
      <Filter>Source Files</Filter>
    </ClCompile>
    <ClCompile Include="Debug\moc_extfiles.cpp">
      <Filter>Generated Files</Filter>
    </ClCompile>
    <ClCompile Include="Release\moc_extfiles.cpp">
      <Filter>Generated Files</Filter>
    </ClCompile>
    <ClCompile Include="Debug\moc_cleantexturespath.cpp">
      <Filter>Generated Files</Filter>
    </ClCompile>
    <ClCompile Include="Release\moc_cleantexturespath.cpp">
      <Filter>Generated Files</Filter>
    </ClCompile>
    <ClCompile Include="Debug\moc_MaterialsExplorer.cpp">
      <Filter>Generated Files</Filter>
    </ClCompile>
    <ClCompile Include="Release\moc_MaterialsExplorer.cpp">
      <Filter>Generated Files</Filter>
    </ClCompile>
    <ClCompile Include="Debug\moc_resize.cpp">
      <Filter>Generated Files</Filter>
    </ClCompile>
    <ClCompile Include="Release\moc_resize.cpp">
      <Filter>Generated Files</Filter>
    </ClCompile>
    <ClCompile Include="Debug\moc_qirrlichtwidget.cpp">
      <Filter>Generated Files</Filter>
    </ClCompile>
    <ClCompile Include="Release\moc_qirrlichtwidget.cpp">
      <Filter>Generated Files</Filter>
    </ClCompile>
    <ClCompile Include="Debug\moc_options.cpp">
      <Filter>Generated Files</Filter>
    </ClCompile>
    <ClCompile Include="Release\moc_options.cpp">
      <Filter>Generated Files</Filter>
    </ClCompile>
    <ClCompile Include="Debug\moc_mainwindow.cpp">
      <Filter>Generated Files</Filter>
    </ClCompile>
    <ClCompile Include="Release\moc_mainwindow.cpp">
      <Filter>Generated Files</Filter>
    </ClCompile>
    <ClCompile Include="Debug\moc_tw1bifextractorui.cpp">
      <Filter>Generated Files</Filter>
    </ClCompile>
    <ClCompile Include="Release\moc_tw1bifextractorui.cpp">
      <Filter>Generated Files</Filter>
    </ClCompile>
    <ClCompile Include="Debug\moc_tw1bifextractor.cpp">
      <Filter>Generated Files</Filter>
    </ClCompile>
    <ClCompile Include="Release\moc_tw1bifextractor.cpp">
      <Filter>Generated Files</Filter>
    </ClCompile>
    <ClCompile Include="Debug\moc_search.cpp">
      <Filter>Generated Files</Filter>
    </ClCompile>
    <ClCompile Include="Release\moc_search.cpp">
      <Filter>Generated Files</Filter>
    </ClCompile>
  </ItemGroup>
  <ItemGroup>
    <ClInclude Include="CREMeshFileLoader.h">
      <Filter>Header Files</Filter>
    </ClInclude>
    <ClInclude Include="CREMeshWriter.h">
      <Filter>Header Files</Filter>
    </ClInclude>
    <ClInclude Include="CSkeleton.h">
      <Filter>Header Files</Filter>
    </ClInclude>
    <ClInclude Include="CW2ENTMeshFileLoader.h">
      <Filter>Header Files</Filter>
    </ClInclude>
    <ClInclude Include="CW3ENTMeshFileLoader.h">
      <Filter>Header Files</Filter>
    </ClInclude>
    <ClInclude Include="CWitcherMDLMeshFileLoader.h">
      <Filter>Header Files</Filter>
    </ClInclude>
    <ClInclude Include="IrrAssimp\IrrAssimp.h">
      <Filter>Header Files</Filter>
    </ClInclude>
    <ClInclude Include="IrrAssimp\IrrAssimpExport.h">
      <Filter>Header Files</Filter>
    </ClInclude>
    <ClInclude Include="IrrAssimp\IrrAssimpImport.h">
      <Filter>Header Files</Filter>
    </ClInclude>
    <ClInclude Include="IrrAssimp\IrrAssimpUtils.h">
      <Filter>Header Files</Filter>
    </ClInclude>
    <ClInclude Include="LoadersUtils.h">
      <Filter>Header Files</Filter>
    </ClInclude>
    <CustomBuild Include="MaterialsExplorer.h">
      <Filter>Header Files</Filter>
    </CustomBuild>
    <ClInclude Include="TW_Utils.h">
      <Filter>Header Files</Filter>
    </ClInclude>
    <ClInclude Include="W3_DataCache.h">
      <Filter>Header Files</Filter>
    </ClInclude>
    <CustomBuild Include="cleantexturespath.h">
      <Filter>Header Files</Filter>
    </CustomBuild>
    <CustomBuild Include="extfiles.h">
      <Filter>Header Files</Filter>
    </CustomBuild>
    <ClInclude Include="halffloat.h">
      <Filter>Header Files</Filter>
    </ClInclude>
    <ClInclude Include="log.h">
      <Filter>Header Files</Filter>
    </ClInclude>
    <CustomBuild Include="mainwindow.h">
      <Filter>Header Files</Filter>
    </CustomBuild>
    <ClInclude Include="meshcombiner.h">
      <Filter>Header Files</Filter>
    </ClInclude>
    <CustomBuild Include="options.h">
      <Filter>Header Files</Filter>
    </CustomBuild>
    <CustomBuild Include="qirrlichtwidget.h">
      <Filter>Header Files</Filter>
    </CustomBuild>
    <CustomBuild Include="resize.h">
      <Filter>Header Files</Filter>
    </CustomBuild>
    <CustomBuild Include="search.h">
      <Filter>Header Files</Filter>
    </CustomBuild>
    <ClInclude Include="settings.h">
      <Filter>Header Files</Filter>
    </ClInclude>
    <ClInclude Include="translator.h">
      <Filter>Header Files</Filter>
    </ClInclude>
    <CustomBuild Include="tw1bifextractor.h">
      <Filter>Header Files</Filter>
    </CustomBuild>
    <CustomBuild Include="tw1bifextractorui.h">
      <Filter>Header Files</Filter>
    </CustomBuild>
    <ClInclude Include="utils.h">
      <Filter>Header Files</Filter>
    </ClInclude>
    <ClInclude Include="GeneratedFiles\ui_MaterialsExplorer.h">
      <Filter>Generated Files</Filter>
    </ClInclude>
    <ClInclude Include="GeneratedFiles\ui_cleantexturespath.h">
      <Filter>Generated Files</Filter>
    </ClInclude>
    <ClInclude Include="GeneratedFiles\ui_extfiles.h">
      <Filter>Generated Files</Filter>
    </ClInclude>
    <ClInclude Include="GeneratedFiles\ui_mainwindow.h">
      <Filter>Generated Files</Filter>
    </ClInclude>
    <ClInclude Include="GeneratedFiles\ui_options.h">
      <Filter>Generated Files</Filter>
    </ClInclude>
    <ClInclude Include="GeneratedFiles\ui_resize.h">
      <Filter>Generated Files</Filter>
    </ClInclude>
    <ClInclude Include="GeneratedFiles\ui_search.h">
      <Filter>Generated Files</Filter>
    </ClInclude>
    <ClInclude Include="GeneratedFiles\ui_tw1bifextractorui.h">
      <Filter>Generated Files</Filter>
    </ClInclude>
  </ItemGroup>
  <ItemGroup>
    <CustomBuild Include="debug\moc_predefs.h.cbt">
      <Filter>Generated Files</Filter>
    </CustomBuild>
    <CustomBuild Include="release\moc_predefs.h.cbt">
      <Filter>Generated Files</Filter>
    </CustomBuild>
  </ItemGroup>
  <ItemGroup>
    <CustomBuild Include="MaterialsExplorer.ui">
      <Filter>Form Files</Filter>
    </CustomBuild>
    <CustomBuild Include="cleantexturespath.ui">
      <Filter>Form Files</Filter>
    </CustomBuild>
    <CustomBuild Include="extfiles.ui">
      <Filter>Form Files</Filter>
    </CustomBuild>
    <CustomBuild Include="mainwindow.ui">
      <Filter>Form Files</Filter>
    </CustomBuild>
    <CustomBuild Include="options.ui">
      <Filter>Form Files</Filter>
    </CustomBuild>
    <CustomBuild Include="resize.ui">
      <Filter>Form Files</Filter>
    </CustomBuild>
    <CustomBuild Include="search.ui">
      <Filter>Form Files</Filter>
    </CustomBuild>
    <CustomBuild Include="tw1bifextractorui.ui">
      <Filter>Form Files</Filter>
    </CustomBuild>
  </ItemGroup>
  <ItemGroup>
    <None Include="app.rc">
      <Filter>Distribution Files</Filter>
    </None>
  </ItemGroup>
  <ItemGroup>
    <ResourceCompile Include="app.rc" />
  </ItemGroup>
</Project>